// !$*UTF8*$!
{
	archiveVersion = 1;
	classes = {
	};
	objectVersion = 46;
	objects = {

/* Begin PBXBuildFile section */
		A65802981C3F6FE300AD6392 /* AppDelegate.swift in Sources */ = {isa = PBXBuildFile; fileRef = A65802971C3F6FE300AD6392 /* AppDelegate.swift */; };
		A658029A1C3F6FE300AD6392 /* KeyPadViewController.swift in Sources */ = {isa = PBXBuildFile; fileRef = A65802991C3F6FE300AD6392 /* KeyPadViewController.swift */; };
		A658029D1C3F6FE300AD6392 /* Main.storyboard in Resources */ = {isa = PBXBuildFile; fileRef = A658029B1C3F6FE300AD6392 /* Main.storyboard */; };
		A658029F1C3F6FE300AD6392 /* Assets.xcassets in Resources */ = {isa = PBXBuildFile; fileRef = A658029E1C3F6FE300AD6392 /* Assets.xcassets */; };
		A65802A21C3F6FE300AD6392 /* LaunchScreen.storyboard in Resources */ = {isa = PBXBuildFile; fileRef = A65802A01C3F6FE300AD6392 /* LaunchScreen.storyboard */; };
		A65802B01C40A43000AD6392 /* HistoryViewController.swift in Sources */ = {isa = PBXBuildFile; fileRef = A65802AF1C40A43000AD6392 /* HistoryViewController.swift */; };
/* End PBXBuildFile section */

/* Begin PBXFileReference section */
		A65802941C3F6FE300AD6392 /* Spenser.app */ = {isa = PBXFileReference; explicitFileType = wrapper.application; includeInIndex = 0; path = Spenser.app; sourceTree = BUILT_PRODUCTS_DIR; };
		A65802971C3F6FE300AD6392 /* AppDelegate.swift */ = {isa = PBXFileReference; lastKnownFileType = sourcecode.swift; path = AppDelegate.swift; sourceTree = "<group>"; };
		A65802991C3F6FE300AD6392 /* KeyPadViewController.swift */ = {isa = PBXFileReference; lastKnownFileType = sourcecode.swift; path = KeyPadViewController.swift; sourceTree = "<group>"; };
		A658029C1C3F6FE300AD6392 /* Base */ = {isa = PBXFileReference; lastKnownFileType = file.storyboard; name = Base; path = Base.lproj/Main.storyboard; sourceTree = "<group>"; };
		A658029E1C3F6FE300AD6392 /* Assets.xcassets */ = {isa = PBXFileReference; lastKnownFileType = folder.assetcatalog; path = Assets.xcassets; sourceTree = "<group>"; };
		A65802A11C3F6FE300AD6392 /* Base */ = {isa = PBXFileReference; lastKnownFileType = file.storyboard; name = Base; path = Base.lproj/LaunchScreen.storyboard; sourceTree = "<group>"; };
		A65802A31C3F6FE300AD6392 /* Info.plist */ = {isa = PBXFileReference; lastKnownFileType = text.plist.xml; path = Info.plist; sourceTree = "<group>"; };
		A65802AF1C40A43000AD6392 /* HistoryViewController.swift */ = {isa = PBXFileReference; fileEncoding = 4; lastKnownFileType = sourcecode.swift; path = HistoryViewController.swift; sourceTree = "<group>"; };
/* End PBXFileReference section */

/* Begin PBXFrameworksBuildPhase section */
		A65802911C3F6FE300AD6392 /* Frameworks */ = {
			isa = PBXFrameworksBuildPhase;
			buildActionMask = 2147483647;
			files = (
			);
			runOnlyForDeploymentPostprocessing = 0;
		};
/* End PBXFrameworksBuildPhase section */

/* Begin PBXGroup section */
		A658028B1C3F6FE300AD6392 = {
			isa = PBXGroup;
			children = (
				A65802961C3F6FE300AD6392 /* Spenser */,
				A65802951C3F6FE300AD6392 /* Products */,
			);
			sourceTree = "<group>";
		};
		A65802951C3F6FE300AD6392 /* Products */ = {
			isa = PBXGroup;
			children = (
				A65802941C3F6FE300AD6392 /* Spenser.app */,
			);
			name = Products;
			sourceTree = "<group>";
		};
		A65802961C3F6FE300AD6392 /* Spenser */ = {
			isa = PBXGroup;
			children = (
				A65802971C3F6FE300AD6392 /* AppDelegate.swift */,
				A65802991C3F6FE300AD6392 /* KeyPadViewController.swift */,
				A658029B1C3F6FE300AD6392 /* Main.storyboard */,
				A65802AF1C40A43000AD6392 /* HistoryViewController.swift */,
				A658029E1C3F6FE300AD6392 /* Assets.xcassets */,
				A65802A01C3F6FE300AD6392 /* LaunchScreen.storyboard */,
				A65802A31C3F6FE300AD6392 /* Info.plist */,
			);
			path = Spenser;
			sourceTree = "<group>";
		};
/* End PBXGroup section */

/* Begin PBXNativeTarget section */
		A65802931C3F6FE300AD6392 /* Spenser */ = {
			isa = PBXNativeTarget;
			buildConfigurationList = A65802A61C3F6FE300AD6392 /* Build configuration list for PBXNativeTarget "Spenser" */;
			buildPhases = (
				A65802901C3F6FE300AD6392 /* Sources */,
				A65802911C3F6FE300AD6392 /* Frameworks */,
				A65802921C3F6FE300AD6392 /* Resources */,
			);
			buildRules = (
			);
			dependencies = (
			);
			name = Spenser;
			productName = Spenser;
			productReference = A65802941C3F6FE300AD6392 /* Spenser.app */;
			productType = "com.apple.product-type.application";
		};
/* End PBXNativeTarget section */

/* Begin PBXProject section */
		A658028C1C3F6FE300AD6392 /* Project object */ = {
			isa = PBXProject;
			attributes = {
				LastSwiftUpdateCheck = 0720;
				LastUpgradeCheck = 0720;
				ORGANIZATIONNAME = "Kishan Patel";
				TargetAttributes = {
					A65802931C3F6FE300AD6392 = {
						CreatedOnToolsVersion = 7.2;
					};
				};
			};
			buildConfigurationList = A658028F1C3F6FE300AD6392 /* Build configuration list for PBXProject "Spenser" */;
			compatibilityVersion = "Xcode 3.2";
			developmentRegion = English;
			hasScannedForEncodings = 0;
			knownRegions = (
				en,
				Base,
			);
			mainGroup = A658028B1C3F6FE300AD6392;
			productRefGroup = A65802951C3F6FE300AD6392 /* Products */;
			projectDirPath = "";
			projectRoot = "";
			targets = (
				A65802931C3F6FE300AD6392 /* Spenser */,
			);
		};
/* End PBXProject section */

/* Begin PBXResourcesBuildPhase section */
		A65802921C3F6FE300AD6392 /* Resources */ = {
			isa = PBXResourcesBuildPhase;
			buildActionMask = 2147483647;
			files = (
				A65802A21C3F6FE300AD6392 /* LaunchScreen.storyboard in Resources */,
				A658029F1C3F6FE300AD6392 /* Assets.xcassets in Resources */,
				A658029D1C3F6FE300AD6392 /* Main.storyboard in Resources */,
			);
			runOnlyForDeploymentPostprocessing = 0;
		};
/* End PBXResourcesBuildPhase section */

/* Begin PBXSourcesBuildPhase section */
		A65802901C3F6FE300AD6392 /* Sources */ = {
			isa = PBXSourcesBuildPhase;
			buildActionMask = 2147483647;
			files = (
				A658029A1C3F6FE300AD6392 /* KeyPadViewController.swift in Sources */,
				A65802981C3F6FE300AD6392 /* AppDelegate.swift in Sources */,
				A65802B01C40A43000AD6392 /* HistoryViewController.swift in Sources */,
			);
			runOnlyForDeploymentPostprocessing = 0;
		};
/* End PBXSourcesBuildPhase section */

/* Begin PBXVariantGroup section */
		A658029B1C3F6FE300AD6392 /* Main.storyboard */ = {
			isa = PBXVariantGroup;
			children = (
				A658029C1C3F6FE300AD6392 /* Base */,
			);
			name = Main.storyboard;
			sourceTree = "<group>";
		};
		A65802A01C3F6FE300AD6392 /* LaunchScreen.storyboard */ = {
			isa = PBXVariantGroup;
			children = (
				A65802A11C3F6FE300AD6392 /* Base */,
			);
			name = LaunchScreen.storyboard;
			sourceTree = "<group>";
		};
/* End PBXVariantGroup section */

/* Begin XCBuildConfiguration section */
		A65802A41C3F6FE300AD6392 /* Debug */ = {
			isa = XCBuildConfiguration;
			buildSettings = {
				ALWAYS_SEARCH_USER_PATHS = NO;
				CLANG_CXX_LANGUAGE_STANDARD = "gnu++0x";
				CLANG_CXX_LIBRARY = "libc++";
				CLANG_ENABLE_MODULES = YES;
				CLANG_ENABLE_OBJC_ARC = YES;
				CLANG_WARN_BOOL_CONVERSION = YES;
				CLANG_WARN_CONSTANT_CONVERSION = YES;
				CLANG_WARN_DIRECT_OBJC_ISA_USAGE = YES_ERROR;
				CLANG_WARN_EMPTY_BODY = YES;
				CLANG_WARN_ENUM_CONVERSION = YES;
				CLANG_WARN_INT_CONVERSION = YES;
				CLANG_WARN_OBJC_ROOT_CLASS = YES_ERROR;
				CLANG_WARN_UNREACHABLE_CODE = YES;
				CLANG_WARN__DUPLICATE_METHOD_MATCH = YES;
				"CODE_SIGN_IDENTITY[sdk=iphoneos*]" = "iPhone Developer";
				COPY_PHASE_STRIP = NO;
				DEBUG_INFORMATION_FORMAT = dwarf;
				ENABLE_STRICT_OBJC_MSGSEND = YES;
				ENABLE_TESTABILITY = YES;
				GCC_C_LANGUAGE_STANDARD = gnu99;
				GCC_DYNAMIC_NO_PIC = NO;
				GCC_NO_COMMON_BLOCKS = YES;
				GCC_OPTIMIZATION_LEVEL = 0;
				GCC_PREPROCESSOR_DEFINITIONS = (
					"DEBUG=1",
					"$(inherited)",
				);
				GCC_WARN_64_TO_32_BIT_CONVERSION = YES;
				GCC_WARN_ABOUT_RETURN_TYPE = YES_ERROR;
				GCC_WARN_UNDECLARED_SELECTOR = YES;
				GCC_WARN_UNINITIALIZED_AUTOS = YES_AGGRESSIVE;
				GCC_WARN_UNUSED_FUNCTION = YES;
				GCC_WARN_UNUSED_VARIABLE = YES;
				IPHONEOS_DEPLOYMENT_TARGET = 9.2;
				MTL_ENABLE_DEBUG_INFO = YES;
				ONLY_ACTIVE_ARCH = YES;
				SDKROOT = iphoneos;
				SWIFT_OPTIMIZATION_LEVEL = "-Onone";
				TARGETED_DEVICE_FAMILY = "1,2";
			};
			name = Debug;
		};
		A65802A51C3F6FE300AD6392 /* Release */ = {
			isa = XCBuildConfiguration;
			buildSettings = {
				ALWAYS_SEARCH_USER_PATHS = NO;
				CLANG_CXX_LANGUAGE_STANDARD = "gnu++0x";
				CLANG_CXX_LIBRARY = "libc++";
				CLANG_ENABLE_MODULES = YES;
				CLANG_ENABLE_OBJC_ARC = YES;
				CLANG_WARN_BOOL_CONVERSION = YES;
				CLANG_WARN_CONSTANT_CONVERSION = YES;
				CLANG_WARN_DIRECT_OBJC_ISA_USAGE = YES_ERROR;
				CLANG_WARN_EMPTY_BODY = YES;
				CLANG_WARN_ENUM_CONVERSION = YES;
				CLANG_WARN_INT_CONVERSION = YES;
				CLANG_WARN_OBJC_ROOT_CLASS = YES_ERROR;
				CLANG_WARN_UNREACHABLE_CODE = YES;
				CLANG_WARN__DUPLICATE_METHOD_MATCH = YES;
				"CODE_SIGN_IDENTITY[sdk=iphoneos*]" = "iPhone Developer";
				COPY_PHASE_STRIP = NO;
				DEBUG_INFORMATION_FORMAT = "dwarf-with-dsym";
				ENABLE_NS_ASSERTIONS = NO;
				ENABLE_STRICT_OBJC_MSGSEND = YES;
				GCC_C_LANGUAGE_STANDARD = gnu99;
				GCC_NO_COMMON_BLOCKS = YES;
				GCC_WARN_64_TO_32_BIT_CONVERSION = YES;
				GCC_WARN_ABOUT_RETURN_TYPE = YES_ERROR;
				GCC_WARN_UNDECLARED_SELECTOR = YES;
				GCC_WARN_UNINITIALIZED_AUTOS = YES_AGGRESSIVE;
				GCC_WARN_UNUSED_FUNCTION = YES;
				GCC_WARN_UNUSED_VARIABLE = YES;
				IPHONEOS_DEPLOYMENT_TARGET = 9.2;
				MTL_ENABLE_DEBUG_INFO = NO;
				SDKROOT = iphoneos;
				TARGETED_DEVICE_FAMILY = "1,2";
				VALIDATE_PRODUCT = YES;
			};
			name = Release;
		};
		A65802A71C3F6FE300AD6392 /* Debug */ = {
			isa = XCBuildConfiguration;
			buildSettings = {
				ASSETCATALOG_COMPILER_APPICON_NAME = AppIcon;
				INFOPLIST_FILE = Spenser/Info.plist;
				LD_RUNPATH_SEARCH_PATHS = "$(inherited) @executable_path/Frameworks";
				PRODUCT_BUNDLE_IDENTIFIER = Tangent.Spenser;
				PRODUCT_NAME = "$(TARGET_NAME)";
			};
			name = Debug;
		};
		A65802A81C3F6FE300AD6392 /* Release */ = {
			isa = XCBuildConfiguration;
			buildSettings = {
				ASSETCATALOG_COMPILER_APPICON_NAME = AppIcon;
				INFOPLIST_FILE = Spenser/Info.plist;
				LD_RUNPATH_SEARCH_PATHS = "$(inherited) @executable_path/Frameworks";
				PRODUCT_BUNDLE_IDENTIFIER = Tangent.Spenser;
				PRODUCT_NAME = "$(TARGET_NAME)";
			};
			name = Release;
		};
/* End XCBuildConfiguration section */

/* Begin XCConfigurationList section */
		A658028F1C3F6FE300AD6392 /* Build configuration list for PBXProject "Spenser" */ = {
			isa = XCConfigurationList;
			buildConfigurations = (
				A65802A41C3F6FE300AD6392 /* Debug */,
				A65802A51C3F6FE300AD6392 /* Release */,
			);
			defaultConfigurationIsVisible = 0;
			defaultConfigurationName = Release;
		};
		A65802A61C3F6FE300AD6392 /* Build configuration list for PBXNativeTarget "Spenser" */ = {
			isa = XCConfigurationList;
			buildConfigurations = (
				A65802A71C3F6FE300AD6392 /* Debug */,
				A65802A81C3F6FE300AD6392 /* Release */,
			);
			defaultConfigurationIsVisible = 0;
			defaultConfigurationName = Release;
		};
/* End XCConfigurationList section */
	};
	rootObject = A658028C1C3F6FE300AD6392 /* Project object */;
}
